
Microsoft Visual Studio Solution File, Format Version 12.00
# Visual Studio 15
VisualStudioVersion = 15.0.28307.168
MinimumVisualStudioVersion = 10.0.40219.1
Project("{FAE04EC0-301F-11D3-BF4B-00C04F79EFBC}") = "App18.Android", "App18\App18.Android\App18.Android.csproj", "{62D5AFEE-F80B-4E39-8CF9-B208C4AE7C41}"
EndProject
Project("{FAE04EC0-301F-11D3-BF4B-00C04F79EFBC}") = "App18.iOS", "App18\App18.iOS\App18.iOS.csproj", "{A6C4B2A1-F087-45D4-927E-7FE775878438}"
EndProject
Project("{9A19103F-16F7-4668-BE54-9A1E7A4F7556}") = "App18", "App18\App18\App18.csproj", "{59CAFC98-886D-4B56-9A5F-774B5D383956}"
EndProject
Global
	GlobalSection(SolutionConfigurationPlatforms) = preSolution
		Ad-Hoc|Any CPU = Ad-Hoc|Any CPU
		Ad-Hoc|iPhone = Ad-Hoc|iPhone
		Ad-Hoc|iPhoneSimulator = Ad-Hoc|iPhoneSimulator
		AppStore|Any CPU = AppStore|Any CPU
		AppStore|iPhone = AppStore|iPhone
		AppStore|iPhoneSimulator = AppStore|iPhoneSimulator
		Debug|Any CPU = Debug|Any CPU
		Debug|iPhone = Debug|iPhone
		Debug|iPhoneSimulator = Debug|iPhoneSimulator
		Release|Any CPU = Release|Any CPU
		Release|iPhone = Release|iPhone
		Release|iPhoneSimulator = Release|iPhoneSimulator
	EndGlobalSection
	GlobalSection(ProjectConfigurationPlatforms) = postSolution
		{62D5AFEE-F80B-4E39-8CF9-B208C4AE7C41}.Ad-Hoc|Any CPU.ActiveCfg = Release|Any CPU
		{62D5AFEE-F80B-4E39-8CF9-B208C4AE7C41}.Ad-Hoc|Any CPU.Build.0 = Release|Any CPU
		{62D5AFEE-F80B-4E39-8CF9-B208C4AE7C41}.Ad-Hoc|Any CPU.Deploy.0 = Release|Any CPU
		{62D5AFEE-F80B-4E39-8CF9-B208C4AE7C41}.Ad-Hoc|iPhone.ActiveCfg = Release|Any CPU
		{62D5AFEE-F80B-4E39-8CF9-B208C4AE7C41}.Ad-Hoc|iPhone.Build.0 = Release|Any CPU
		{62D5AFEE-F80B-4E39-8CF9-B208C4AE7C41}.Ad-Hoc|iPhone.Deploy.0 = Release|Any CPU
		{62D5AFEE-F80B-4E39-8CF9-B208C4AE7C41}.Ad-Hoc|iPhoneSimulator.ActiveCfg = Release|Any CPU
		{62D5AFEE-F80B-4E39-8CF9-B208C4AE7C41}.Ad-Hoc|iPhoneSimulator.Build.0 = Release|Any CPU
		{62D5AFEE-F80B-4E39-8CF9-B208C4AE7C41}.Ad-Hoc|iPhoneSimulator.Deploy.0 = Release|Any CPU
		{62D5AFEE-F80B-4E39-8CF9-B208C4AE7C41}.AppStore|Any CPU.ActiveCfg = Release|Any CPU
		{62D5AFEE-F80B-4E39-8CF9-B208C4AE7C41}.AppStore|Any CPU.Build.0 = Release|Any CPU
		{62D5AFEE-F80B-4E39-8CF9-B208C4AE7C41}.AppStore|Any CPU.Deploy.0 = Release|Any CPU
		{62D5AFEE-F80B-4E39-8CF9-B208C4AE7C41}.AppStore|iPhone.ActiveCfg = Release|Any CPU
		{62D5AFEE-F80B-4E39-8CF9-B208C4AE7C41}.AppStore|iPhone.Build.0 = Release|Any CPU
		{62D5AFEE-F80B-4E39-8CF9-B208C4AE7C41}.AppStore|iPhone.Deploy.0 = Release|Any CPU
		{62D5AFEE-F80B-4E39-8CF9-B208C4AE7C41}.AppStore|iPhoneSimulator.ActiveCfg = Release|Any CPU
		{62D5AFEE-F80B-4E39-8CF9-B208C4AE7C41}.AppStore|iPhoneSimulator.Build.0 = Release|Any CPU
		{62D5AFEE-F80B-4E39-8CF9-B208C4AE7C41}.AppStore|iPhoneSimulator.Deploy.0 = Release|Any CPU
		{62D5AFEE-F80B-4E39-8CF9-B208C4AE7C41}.Debug|Any CPU.ActiveCfg = Debug|Any CPU
		{62D5AFEE-F80B-4E39-8CF9-B208C4AE7C41}.Debug|Any CPU.Build.0 = Debug|Any CPU
		{62D5AFEE-F80B-4E39-8CF9-B208C4AE7C41}.Debug|Any CPU.Deploy.0 = Debug|Any CPU
		{62D5AFEE-F80B-4E39-8CF9-B208C4AE7C41}.Debug|iPhone.ActiveCfg = Debug|Any CPU
		{62D5AFEE-F80B-4E39-8CF9-B208C4AE7C41}.Debug|iPhone.Build.0 = Debug|Any CPU
		{62D5AFEE-F80B-4E39-8CF9-B208C4AE7C41}.Debug|iPhone.Deploy.0 = Debug|Any CPU
		{62D5AFEE-F80B-4E39-8CF9-B208C4AE7C41}.Debug|iPhoneSimulator.ActiveCfg = Debug|Any CPU
		{62D5AFEE-F80B-4E39-8CF9-B208C4AE7C41}.Debug|iPhoneSimulator.Build.0 = Debug|Any CPU
		{62D5AFEE-F80B-4E39-8CF9-B208C4AE7C41}.Debug|iPhoneSimulator.Deploy.0 = Debug|Any CPU
		{62D5AFEE-F80B-4E39-8CF9-B208C4AE7C41}.Release|Any CPU.ActiveCfg = Release|Any CPU
		{62D5AFEE-F80B-4E39-8CF9-B208C4AE7C41}.Release|Any CPU.Build.0 = Release|Any CPU
		{62D5AFEE-F80B-4E39-8CF9-B208C4AE7C41}.Release|Any CPU.Deploy.0 = Release|Any CPU
		{62D5AFEE-F80B-4E39-8CF9-B208C4AE7C41}.Release|iPhone.ActiveCfg = Release|Any CPU
		{62D5AFEE-F80B-4E39-8CF9-B208C4AE7C41}.Release|iPhone.Build.0 = Release|Any CPU
		{62D5AFEE-F80B-4E39-8CF9-B208C4AE7C41}.Release|iPhone.Deploy.0 = Release|Any CPU
		{62D5AFEE-F80B-4E39-8CF9-B208C4AE7C41}.Release|iPhoneSimulator.ActiveCfg = Release|Any CPU
		{62D5AFEE-F80B-4E39-8CF9-B208C4AE7C41}.Release|iPhoneSimulator.Build.0 = Release|Any CPU
		{62D5AFEE-F80B-4E39-8CF9-B208C4AE7C41}.Release|iPhoneSimulator.Deploy.0 = Release|Any CPU
		{A6C4B2A1-F087-45D4-927E-7FE775878438}.Ad-Hoc|Any CPU.ActiveCfg = Ad-Hoc|iPhone
		{A6C4B2A1-F087-45D4-927E-7FE775878438}.Ad-Hoc|Any CPU.Build.0 = Ad-Hoc|iPhone
		{A6C4B2A1-F087-45D4-927E-7FE775878438}.Ad-Hoc|Any CPU.Deploy.0 = Ad-Hoc|iPhone
		{A6C4B2A1-F087-45D4-927E-7FE775878438}.Ad-Hoc|iPhone.ActiveCfg = Ad-Hoc|iPhone
		{A6C4B2A1-F087-45D4-927E-7FE775878438}.Ad-Hoc|iPhone.Build.0 = Ad-Hoc|iPhone
		{A6C4B2A1-F087-45D4-927E-7FE775878438}.Ad-Hoc|iPhone.Deploy.0 = Ad-Hoc|iPhone
		{A6C4B2A1-F087-45D4-927E-7FE775878438}.Ad-Hoc|iPhoneSimulator.ActiveCfg = Ad-Hoc|iPhoneSimulator
		{A6C4B2A1-F087-45D4-927E-7FE775878438}.Ad-Hoc|iPhoneSimulator.Build.0 = Ad-Hoc|iPhoneSimulator
		{A6C4B2A1-F087-45D4-927E-7FE775878438}.Ad-Hoc|iPhoneSimulator.Deploy.0 = Ad-Hoc|iPhoneSimulator
		{A6C4B2A1-F087-45D4-927E-7FE775878438}.AppStore|Any CPU.ActiveCfg = AppStore|iPhone
		{A6C4B2A1-F087-45D4-927E-7FE775878438}.AppStore|Any CPU.Build.0 = AppStore|iPhone
		{A6C4B2A1-F087-45D4-927E-7FE775878438}.AppStore|Any CPU.Deploy.0 = AppStore|iPhone
		{A6C4B2A1-F087-45D4-927E-7FE775878438}.AppStore|iPhone.ActiveCfg = AppStore|iPhone
		{A6C4B2A1-F087-45D4-927E-7FE775878438}.AppStore|iPhone.Build.0 = AppStore|iPhone
		{A6C4B2A1-F087-45D4-927E-7FE775878438}.AppStore|iPhone.Deploy.0 = AppStore|iPhone
		{A6C4B2A1-F087-45D4-927E-7FE775878438}.AppStore|iPhoneSimulator.ActiveCfg = AppStore|iPhoneSimulator
		{A6C4B2A1-F087-45D4-927E-7FE775878438}.AppStore|iPhoneSimulator.Build.0 = AppStore|iPhoneSimulator
		{A6C4B2A1-F087-45D4-927E-7FE775878438}.AppStore|iPhoneSimulator.Deploy.0 = AppStore|iPhoneSimulator
		{A6C4B2A1-F087-45D4-927E-7FE775878438}.Debug|Any CPU.ActiveCfg = Debug|iPhoneSimulator
		{A6C4B2A1-F087-45D4-927E-7FE775878438}.Debug|Any CPU.Build.0 = Debug|iPhoneSimulator
		{A6C4B2A1-F087-45D4-927E-7FE775878438}.Debug|Any CPU.Deploy.0 = Debug|iPhoneSimulator
		{A6C4B2A1-F087-45D4-927E-7FE775878438}.Debug|iPhone.ActiveCfg = Debug|iPhone
		{A6C4B2A1-F087-45D4-927E-7FE775878438}.Debug|iPhone.Build.0 = Debug|iPhone
		{A6C4B2A1-F087-45D4-927E-7FE775878438}.Debug|iPhone.Deploy.0 = Debug|iPhone
		{A6C4B2A1-F087-45D4-927E-7FE775878438}.Debug|iPhoneSimulator.ActiveCfg = Debug|iPhoneSimulator
		{A6C4B2A1-F087-45D4-927E-7FE775878438}.Debug|iPhoneSimulator.Build.0 = Debug|iPhoneSimulator
		{A6C4B2A1-F087-45D4-927E-7FE775878438}.Debug|iPhoneSimulator.Deploy.0 = Debug|iPhoneSimulator
		{A6C4B2A1-F087-45D4-927E-7FE775878438}.Release|Any CPU.ActiveCfg = Release|iPhone
		{A6C4B2A1-F087-45D4-927E-7FE775878438}.Release|Any CPU.Build.0 = Release|iPhone
		{A6C4B2A1-F087-45D4-927E-7FE775878438}.Release|Any CPU.Deploy.0 = Release|iPhone
		{A6C4B2A1-F087-45D4-927E-7FE775878438}.Release|iPhone.ActiveCfg = Release|iPhone
		{A6C4B2A1-F087-45D4-927E-7FE775878438}.Release|iPhone.Build.0 = Release|iPhone
		{A6C4B2A1-F087-45D4-927E-7FE775878438}.Release|iPhone.Deploy.0 = Release|iPhone
		{A6C4B2A1-F087-45D4-927E-7FE775878438}.Release|iPhoneSimulator.ActiveCfg = Release|iPhoneSimulator
		{A6C4B2A1-F087-45D4-927E-7FE775878438}.Release|iPhoneSimulator.Build.0 = Release|iPhoneSimulator
		{A6C4B2A1-F087-45D4-927E-7FE775878438}.Release|iPhoneSimulator.Deploy.0 = Release|iPhoneSimulator
		{59CAFC98-886D-4B56-9A5F-774B5D383956}.Ad-Hoc|Any CPU.ActiveCfg = Debug|Any CPU
		{59CAFC98-886D-4B56-9A5F-774B5D383956}.Ad-Hoc|Any CPU.Build.0 = Debug|Any CPU
		{59CAFC98-886D-4B56-9A5F-774B5D383956}.Ad-Hoc|Any CPU.Deploy.0 = Debug|Any CPU
		{59CAFC98-886D-4B56-9A5F-774B5D383956}.Ad-Hoc|iPhone.ActiveCfg = Debug|Any CPU
		{59CAFC98-886D-4B56-9A5F-774B5D383956}.Ad-Hoc|iPhone.Build.0 = Debug|Any CPU
		{59CAFC98-886D-4B56-9A5F-774B5D383956}.Ad-Hoc|iPhone.Deploy.0 = Debug|Any CPU
		{59CAFC98-886D-4B56-9A5F-774B5D383956}.Ad-Hoc|iPhoneSimulator.ActiveCfg = Debug|Any CPU
		{59CAFC98-886D-4B56-9A5F-774B5D383956}.Ad-Hoc|iPhoneSimulator.Build.0 = Debug|Any CPU
		{59CAFC98-886D-4B56-9A5F-774B5D383956}.Ad-Hoc|iPhoneSimulator.Deploy.0 = Debug|Any CPU
		{59CAFC98-886D-4B56-9A5F-774B5D383956}.AppStore|Any CPU.ActiveCfg = Debug|Any CPU
		{59CAFC98-886D-4B56-9A5F-774B5D383956}.AppStore|Any CPU.Build.0 = Debug|Any CPU
		{59CAFC98-886D-4B56-9A5F-774B5D383956}.AppStore|Any CPU.Deploy.0 = Debug|Any CPU
		{59CAFC98-886D-4B56-9A5F-774B5D383956}.AppStore|iPhone.ActiveCfg = Debug|Any CPU
		{59CAFC98-886D-4B56-9A5F-774B5D383956}.AppStore|iPhone.Build.0 = Debug|Any CPU
		{59CAFC98-886D-4B56-9A5F-774B5D383956}.AppStore|iPhone.Deploy.0 = Debug|Any CPU
		{59CAFC98-886D-4B56-9A5F-774B5D383956}.AppStore|iPhoneSimulator.ActiveCfg = Debug|Any CPU
		{59CAFC98-886D-4B56-9A5F-774B5D383956}.AppStore|iPhoneSimulator.Build.0 = Debug|Any CPU
		{59CAFC98-886D-4B56-9A5F-774B5D383956}.AppStore|iPhoneSimulator.Deploy.0 = Debug|Any CPU
		{59CAFC98-886D-4B56-9A5F-774B5D383956}.Debug|Any CPU.ActiveCfg = Debug|Any CPU
		{59CAFC98-886D-4B56-9A5F-774B5D383956}.Debug|Any CPU.Build.0 = Debug|Any CPU
		{59CAFC98-886D-4B56-9A5F-774B5D383956}.Debug|Any CPU.Deploy.0 = Debug|Any CPU
		{59CAFC98-886D-4B56-9A5F-774B5D383956}.Debug|iPhone.ActiveCfg = Debug|Any CPU
		{59CAFC98-886D-4B56-9A5F-774B5D383956}.Debug|iPhone.Build.0 = Debug|Any CPU
		{59CAFC98-886D-4B56-9A5F-774B5D383956}.Debug|iPhone.Deploy.0 = Debug|Any CPU
		{59CAFC98-886D-4B56-9A5F-774B5D383956}.Debug|iPhoneSimulator.ActiveCfg = Debug|Any CPU
		{59CAFC98-886D-4B56-9A5F-774B5D383956}.Debug|iPhoneSimulator.Build.0 = Debug|Any CPU
		{59CAFC98-886D-4B56-9A5F-774B5D383956}.Debug|iPhoneSimulator.Deploy.0 = Debug|Any CPU
		{59CAFC98-886D-4B56-9A5F-774B5D383956}.Release|Any CPU.ActiveCfg = Release|Any CPU
		{59CAFC98-886D-4B56-9A5F-774B5D383956}.Release|Any CPU.Build.0 = Release|Any CPU
		{59CAFC98-886D-4B56-9A5F-774B5D383956}.Release|Any CPU.Deploy.0 = Release|Any CPU
		{59CAFC98-886D-4B56-9A5F-774B5D383956}.Release|iPhone.ActiveCfg = Release|Any CPU
		{59CAFC98-886D-4B56-9A5F-774B5D383956}.Release|iPhone.Build.0 = Release|Any CPU
		{59CAFC98-886D-4B56-9A5F-774B5D383956}.Release|iPhone.Deploy.0 = Release|Any CPU
		{59CAFC98-886D-4B56-9A5F-774B5D383956}.Release|iPhoneSimulator.ActiveCfg = Release|Any CPU
		{59CAFC98-886D-4B56-9A5F-774B5D383956}.Release|iPhoneSimulator.Build.0 = Release|Any CPU
		{59CAFC98-886D-4B56-9A5F-774B5D383956}.Release|iPhoneSimulator.Deploy.0 = Release|Any CPU
	EndGlobalSection
	GlobalSection(SolutionProperties) = preSolution
		HideSolutionNode = FALSE
	EndGlobalSection
	GlobalSection(ExtensibilityGlobals) = postSolution
		SolutionGuid = {4EFACFBB-98D7-4276-96A6-35D3C76E141E}
	EndGlobalSection
EndGlobal
